
Microsoft Visual Studio Solution File, Format Version 12.00
# Visual Studio Version 17
VisualStudioVersion = 17.7.34031.279
MinimumVisualStudioVersion = 10.0.40219.1
Project("{2150E333-8FDC-42A3-9474-1A3956D46DE8}") = "Buisness", "Buisness", "{2E54D592-058E-4574-BCA7-4560D3AC03CB}"
EndProject
Project("{2150E333-8FDC-42A3-9474-1A3956D46DE8}") = "DataAccess", "DataAccess", "{A764FF3F-51E6-4D48-A588-7B1150BF1E47}"
EndProject
Project("{2150E333-8FDC-42A3-9474-1A3956D46DE8}") = "Presentation", "Presentation", "{81CE456E-14C3-4294-95B3-E313C0A218EA}"
EndProject
Project("{9A19103F-16F7-4668-BE54-9A1E7A4F7556}") = "BibiBusiness", "BibiBusiness\BibiBusiness.csproj", "{E7486756-0F73-42BE-A01C-E248E330F405}"
EndProject
Project("{FAE04EC0-301F-11D3-BF4B-00C04F79EFBC}") = "DataAccess", "DataAccess\DataAccess.csproj", "{A3EEEC50-5B44-4CCD-B9A7-E9156EB97F33}"
EndProject
Project("{FAE04EC0-301F-11D3-BF4B-00C04F79EFBC}") = "BibiForm", "BibiForm\BibiForm.csproj", "{F50CCBA0-47D9-40FA-BF23-DBEB069D4DA0}"
EndProject
Global
	GlobalSection(SolutionConfigurationPlatforms) = preSolution
		Debug|Any CPU = Debug|Any CPU
		Release|Any CPU = Release|Any CPU
	EndGlobalSection
	GlobalSection(ProjectConfigurationPlatforms) = postSolution
		{E7486756-0F73-42BE-A01C-E248E330F405}.Debug|Any CPU.ActiveCfg = Debug|Any CPU
		{E7486756-0F73-42BE-A01C-E248E330F405}.Debug|Any CPU.Build.0 = Debug|Any CPU
		{E7486756-0F73-42BE-A01C-E248E330F405}.Release|Any CPU.ActiveCfg = Release|Any CPU
		{E7486756-0F73-42BE-A01C-E248E330F405}.Release|Any CPU.Build.0 = Release|Any CPU
		{A3EEEC50-5B44-4CCD-B9A7-E9156EB97F33}.Debug|Any CPU.ActiveCfg = Debug|Any CPU
		{A3EEEC50-5B44-4CCD-B9A7-E9156EB97F33}.Debug|Any CPU.Build.0 = Debug|Any CPU
		{A3EEEC50-5B44-4CCD-B9A7-E9156EB97F33}.Release|Any CPU.ActiveCfg = Release|Any CPU
		{A3EEEC50-5B44-4CCD-B9A7-E9156EB97F33}.Release|Any CPU.Build.0 = Release|Any CPU
		{F50CCBA0-47D9-40FA-BF23-DBEB069D4DA0}.Debug|Any CPU.ActiveCfg = Debug|Any CPU
		{F50CCBA0-47D9-40FA-BF23-DBEB069D4DA0}.Debug|Any CPU.Build.0 = Debug|Any CPU
		{F50CCBA0-47D9-40FA-BF23-DBEB069D4DA0}.Release|Any CPU.ActiveCfg = Release|Any CPU
		{F50CCBA0-47D9-40FA-BF23-DBEB069D4DA0}.Release|Any CPU.Build.0 = Release|Any CPU
	EndGlobalSection
	GlobalSection(SolutionProperties) = preSolution
		HideSolutionNode = FALSE
	EndGlobalSection
	GlobalSection(NestedProjects) = preSolution
		{E7486756-0F73-42BE-A01C-E248E330F405} = {2E54D592-058E-4574-BCA7-4560D3AC03CB}
		{A3EEEC50-5B44-4CCD-B9A7-E9156EB97F33} = {A764FF3F-51E6-4D48-A588-7B1150BF1E47}
		{F50CCBA0-47D9-40FA-BF23-DBEB069D4DA0} = {81CE456E-14C3-4294-95B3-E313C0A218EA}
	EndGlobalSection
	GlobalSection(ExtensibilityGlobals) = postSolution
		SolutionGuid = {8ABF9D3A-77E1-430E-ADB0-395515974031}
	EndGlobalSection
EndGlobal
